
Microsoft Visual Studio Solution File, Format Version 12.00
# Visual Studio Version 17
VisualStudioVersion = 17.0.32112.339
MinimumVisualStudioVersion = 10.0.40219.1
Project("{2150E333-8FDC-42A3-9474-1A3956D46DE8}") = "Services", "Services", "{AD3A42DB-CDD5-4791-9808-0E9801A447A1}"
EndProject
Project("{2150E333-8FDC-42A3-9474-1A3956D46DE8}") = "Catalog", "Catalog", "{04D7A5DD-7EF2-4FE9-8CB3-A1A95192B1BF}"
EndProject
Project("{9A19103F-16F7-4668-BE54-9A1E7A4F7556}") = "Catalog.API", "Services\Catalog\Catalog.API\Catalog.API.csproj", "{1AC14605-F1A6-4671-97CC-54B2A479119A}"
EndProject
Project("{E53339B2-1760-4266-BCC7-CA923CBCF16C}") = "docker-compose", "docker-compose.dcproj", "{35EC9953-0D0E-4069-8D93-DEDCCC0F17A3}"
EndProject
Project("{2150E333-8FDC-42A3-9474-1A3956D46DE8}") = "Cart", "Cart", "{431AD4CB-F336-4023-8C91-EF5E1EE66A0F}"
EndProject
Project("{FAE04EC0-301F-11D3-BF4B-00C04F79EFBC}") = "Cart.API", "Services\Cart\Cart.API\Cart.API.csproj", "{2E2B0EE3-C70E-4619-B0E9-3B4A9ED0C03E}"
EndProject
Global
	GlobalSection(SolutionConfigurationPlatforms) = preSolution
		Debug|Any CPU = Debug|Any CPU
		Release|Any CPU = Release|Any CPU
	EndGlobalSection
	GlobalSection(ProjectConfigurationPlatforms) = postSolution
		{1AC14605-F1A6-4671-97CC-54B2A479119A}.Debug|Any CPU.ActiveCfg = Debug|Any CPU
		{1AC14605-F1A6-4671-97CC-54B2A479119A}.Debug|Any CPU.Build.0 = Debug|Any CPU
		{1AC14605-F1A6-4671-97CC-54B2A479119A}.Release|Any CPU.ActiveCfg = Release|Any CPU
		{1AC14605-F1A6-4671-97CC-54B2A479119A}.Release|Any CPU.Build.0 = Release|Any CPU
		{35EC9953-0D0E-4069-8D93-DEDCCC0F17A3}.Debug|Any CPU.ActiveCfg = Debug|Any CPU
		{35EC9953-0D0E-4069-8D93-DEDCCC0F17A3}.Debug|Any CPU.Build.0 = Debug|Any CPU
		{35EC9953-0D0E-4069-8D93-DEDCCC0F17A3}.Release|Any CPU.ActiveCfg = Release|Any CPU
		{35EC9953-0D0E-4069-8D93-DEDCCC0F17A3}.Release|Any CPU.Build.0 = Release|Any CPU
		{2E2B0EE3-C70E-4619-B0E9-3B4A9ED0C03E}.Debug|Any CPU.ActiveCfg = Debug|Any CPU
		{2E2B0EE3-C70E-4619-B0E9-3B4A9ED0C03E}.Debug|Any CPU.Build.0 = Debug|Any CPU
		{2E2B0EE3-C70E-4619-B0E9-3B4A9ED0C03E}.Release|Any CPU.ActiveCfg = Release|Any CPU
		{2E2B0EE3-C70E-4619-B0E9-3B4A9ED0C03E}.Release|Any CPU.Build.0 = Release|Any CPU
	EndGlobalSection
	GlobalSection(SolutionProperties) = preSolution
		HideSolutionNode = FALSE
	EndGlobalSection
	GlobalSection(NestedProjects) = preSolution
		{04D7A5DD-7EF2-4FE9-8CB3-A1A95192B1BF} = {AD3A42DB-CDD5-4791-9808-0E9801A447A1}
		{1AC14605-F1A6-4671-97CC-54B2A479119A} = {04D7A5DD-7EF2-4FE9-8CB3-A1A95192B1BF}
		{431AD4CB-F336-4023-8C91-EF5E1EE66A0F} = {AD3A42DB-CDD5-4791-9808-0E9801A447A1}
		{2E2B0EE3-C70E-4619-B0E9-3B4A9ED0C03E} = {431AD4CB-F336-4023-8C91-EF5E1EE66A0F}
	EndGlobalSection
	GlobalSection(ExtensibilityGlobals) = postSolution
		SolutionGuid = {6830C6FE-86C1-4C2E-B455-9CECF664F60D}
	EndGlobalSection
EndGlobal
